{
  "name": "mapper-dto-js",
  "version": "1.0.0",
  "lockfileVersion": 2,
  "requires": true,
  "packages": {
    "": {
      "name": "mapper-dto-js",
      "version": "1.0.0",
      "license": "ISC",
      "dependencies": {
        "mapper-dto-js": "^1.0.0"
      }
    },
    "node_modules/mapper-dto-js": {
      "version": "1.0.0",
      "resolved": "https://registry.npmjs.org/mapper-dto-js/-/mapper-dto-js-1.0.0.tgz",
      "integrity": "sha512-TTQcWrlnf7/lEjFjycCPxMg/PXTp2fJMKs2BfbYx2gKm0BdVVNbTKkviIVGUIACfiebSQGpAifE++9zvRd97fA=="
    }
  },
  "dependencies": {
    "mapper-dto-js": {
      "version": "1.0.0",
      "resolved": "https://registry.npmjs.org/mapper-dto-js/-/mapper-dto-js-1.0.0.tgz",
      "integrity": "sha512-TTQcWrlnf7/lEjFjycCPxMg/PXTp2fJMKs2BfbYx2gKm0BdVVNbTKkviIVGUIACfiebSQGpAifE++9zvRd97fA=="
    }
  }
}
